
Microsoft Visual Studio Solution File, Format Version 12.00
# Visual Studio 2012
Project("{FAE04EC0-301F-11D3-BF4B-00C04F79EFBC}") = "TcpDebug", "TcpDebug\TcpDebug.csproj", "{BACB51DA-788E-434A-B39B-09A14C5231C8}"
EndProject
Project("{FAE04EC0-301F-11D3-BF4B-00C04F79EFBC}") = "ClientSocket", "..\..\ClientSocket\ClientSocket\ClientSocket.csproj", "{40229746-D40D-404A-A00E-F0924C817A52}"
EndProject
Project("{FAE04EC0-301F-11D3-BF4B-00C04F79EFBC}") = "Tester", "..\..\Tester\Tester\Tester\Tester.csproj", "{910B9081-FE75-4004-BAFB-809416921891}"
EndProject
Global
	GlobalSection(SolutionConfigurationPlatforms) = preSolution
		Debug|Any CPU = Debug|Any CPU
		Release|Any CPU = Release|Any CPU
	EndGlobalSection
	GlobalSection(ProjectConfigurationPlatforms) = postSolution
		{BACB51DA-788E-434A-B39B-09A14C5231C8}.Debug|Any CPU.ActiveCfg = Debug|Any CPU
		{BACB51DA-788E-434A-B39B-09A14C5231C8}.Debug|Any CPU.Build.0 = Debug|Any CPU
		{BACB51DA-788E-434A-B39B-09A14C5231C8}.Release|Any CPU.ActiveCfg = Release|Any CPU
		{BACB51DA-788E-434A-B39B-09A14C5231C8}.Release|Any CPU.Build.0 = Release|Any CPU
		{40229746-D40D-404A-A00E-F0924C817A52}.Debug|Any CPU.ActiveCfg = Debug|Any CPU
		{40229746-D40D-404A-A00E-F0924C817A52}.Debug|Any CPU.Build.0 = Debug|Any CPU
		{40229746-D40D-404A-A00E-F0924C817A52}.Release|Any CPU.ActiveCfg = Release|Any CPU
		{40229746-D40D-404A-A00E-F0924C817A52}.Release|Any CPU.Build.0 = Release|Any CPU
		{910B9081-FE75-4004-BAFB-809416921891}.Debug|Any CPU.ActiveCfg = Debug|Any CPU
		{910B9081-FE75-4004-BAFB-809416921891}.Debug|Any CPU.Build.0 = Debug|Any CPU
		{910B9081-FE75-4004-BAFB-809416921891}.Release|Any CPU.ActiveCfg = Release|Any CPU
		{910B9081-FE75-4004-BAFB-809416921891}.Release|Any CPU.Build.0 = Release|Any CPU
	EndGlobalSection
	GlobalSection(SolutionProperties) = preSolution
		HideSolutionNode = FALSE
	EndGlobalSection
EndGlobal
